
Microsoft Visual Studio Solution File, Format Version 12.00
# Visual Studio Version 17
VisualStudioVersion = 17.14.36401.2 d17.14
MinimumVisualStudioVersion = 10.0.40219.1
Project("{FAE04EC0-301F-11D3-BF4B-00C04F79EFBC}") = "VideoGameApi", "VideoGameApi\VideoGameApi.csproj", "{DACA6F2C-DDAF-4638-8BFB-963CC1657F28}"
EndProject
Global
	GlobalSection(SolutionConfigurationPlatforms) = preSolution
		Debug|Any CPU = Debug|Any CPU
		Release|Any CPU = Release|Any CPU
	EndGlobalSection
	GlobalSection(ProjectConfigurationPlatforms) = postSolution
		{DACA6F2C-DDAF-4638-8BFB-963CC1657F28}.Debug|Any CPU.ActiveCfg = Debug|Any CPU
		{DACA6F2C-DDAF-4638-8BFB-963CC1657F28}.Debug|Any CPU.Build.0 = Debug|Any CPU
		{DACA6F2C-DDAF-4638-8BFB-963CC1657F28}.Release|Any CPU.ActiveCfg = Release|Any CPU
		{DACA6F2C-DDAF-4638-8BFB-963CC1657F28}.Release|Any CPU.Build.0 = Release|Any CPU
	EndGlobalSection
	GlobalSection(SolutionProperties) = preSolution
		HideSolutionNode = FALSE
	EndGlobalSection
	GlobalSection(ExtensibilityGlobals) = postSolution
		SolutionGuid = {71FE1ABC-A366-4D99-B742-0073036EBBAE}
	EndGlobalSection
EndGlobal
